
Microsoft Visual Studio Solution File, Format Version 12.00
# Visual Studio Version 16
VisualStudioVersion = 16.0.30621.155
MinimumVisualStudioVersion = 10.0.40219.1
Project("{FAE04EC0-301F-11D3-BF4B-00C04F79EFBC}") = "MarsRover.Library", "MarsRover.Library\MarsRover.Library.csproj", "{AD742F6B-579C-479F-A720-384B307A0470}"
EndProject
Project("{FAE04EC0-301F-11D3-BF4B-00C04F79EFBC}") = "MarsRover.Tests", "MarsRover.Tests\MarsRover.Tests.csproj", "{C065A03A-0ECB-49AF-89B1-37780A81F46F}"
EndProject
Project("{FAE04EC0-301F-11D3-BF4B-00C04F79EFBC}") = "MarsRover", "MarsRover\MarsRover.csproj", "{0E9129F9-DC6F-40F0-8CB0-15878AA2C43E}"
EndProject
Global
	GlobalSection(SolutionConfigurationPlatforms) = preSolution
		Debug|Any CPU = Debug|Any CPU
		Release|Any CPU = Release|Any CPU
	EndGlobalSection
	GlobalSection(ProjectConfigurationPlatforms) = postSolution
		{AD742F6B-579C-479F-A720-384B307A0470}.Debug|Any CPU.ActiveCfg = Debug|Any CPU
		{AD742F6B-579C-479F-A720-384B307A0470}.Debug|Any CPU.Build.0 = Debug|Any CPU
		{AD742F6B-579C-479F-A720-384B307A0470}.Release|Any CPU.ActiveCfg = Release|Any CPU
		{AD742F6B-579C-479F-A720-384B307A0470}.Release|Any CPU.Build.0 = Release|Any CPU
		{C065A03A-0ECB-49AF-89B1-37780A81F46F}.Debug|Any CPU.ActiveCfg = Debug|Any CPU
		{C065A03A-0ECB-49AF-89B1-37780A81F46F}.Debug|Any CPU.Build.0 = Debug|Any CPU
		{C065A03A-0ECB-49AF-89B1-37780A81F46F}.Release|Any CPU.ActiveCfg = Release|Any CPU
		{C065A03A-0ECB-49AF-89B1-37780A81F46F}.Release|Any CPU.Build.0 = Release|Any CPU
		{0E9129F9-DC6F-40F0-8CB0-15878AA2C43E}.Debug|Any CPU.ActiveCfg = Debug|Any CPU
		{0E9129F9-DC6F-40F0-8CB0-15878AA2C43E}.Debug|Any CPU.Build.0 = Debug|Any CPU
		{0E9129F9-DC6F-40F0-8CB0-15878AA2C43E}.Release|Any CPU.ActiveCfg = Release|Any CPU
		{0E9129F9-DC6F-40F0-8CB0-15878AA2C43E}.Release|Any CPU.Build.0 = Release|Any CPU
	EndGlobalSection
	GlobalSection(SolutionProperties) = preSolution
		HideSolutionNode = FALSE
	EndGlobalSection
	GlobalSection(ExtensibilityGlobals) = postSolution
		SolutionGuid = {461014F0-FC47-4C03-A67D-43CD8D0C0395}
	EndGlobalSection
EndGlobal
